// !$*UTF8*$!
{
	archiveVersion = 1;
	classes = {
	};
	objectVersion = 56;
	objects = {

/* Begin PBXBuildFile section */
		76A170A88D28E41F93B32556 /* Pods_Messenger.framework in Frameworks */ = {isa = PBXBuildFile; fileRef = D5F1088207D588CEBB4DB6EB /* Pods_Messenger.framework */; };
		9224297829CC00670005B13E /* AppDelegate.swift in Sources */ = {isa = PBXBuildFile; fileRef = 9224297729CC00670005B13E /* AppDelegate.swift */; };
		9224297A29CC00670005B13E /* SceneDelegate.swift in Sources */ = {isa = PBXBuildFile; fileRef = 9224297929CC00670005B13E /* SceneDelegate.swift */; };
		9224297C29CC00670005B13E /* ConversationsViewController.swift in Sources */ = {isa = PBXBuildFile; fileRef = 9224297B29CC00670005B13E /* ConversationsViewController.swift */; };
		9224297F29CC00670005B13E /* Main.storyboard in Resources */ = {isa = PBXBuildFile; fileRef = 9224297D29CC00670005B13E /* Main.storyboard */; };
		9224298129CC00690005B13E /* Assets.xcassets in Resources */ = {isa = PBXBuildFile; fileRef = 9224298029CC00690005B13E /* Assets.xcassets */; };
		9224298429CC00690005B13E /* LaunchScreen.storyboard in Resources */ = {isa = PBXBuildFile; fileRef = 9224298229CC00690005B13E /* LaunchScreen.storyboard */; };
		9224299229CC05460005B13E /* LoginViewController.swift in Sources */ = {isa = PBXBuildFile; fileRef = 9224299129CC05460005B13E /* LoginViewController.swift */; };
		9224299429CC05650005B13E /* RegisterViewController.swift in Sources */ = {isa = PBXBuildFile; fileRef = 9224299329CC05650005B13E /* RegisterViewController.swift */; };
		9224299629CC05800005B13E /* PhotoViewerViewController.swift in Sources */ = {isa = PBXBuildFile; fileRef = 9224299529CC05800005B13E /* PhotoViewerViewController.swift */; };
		9224299829CC058C0005B13E /* VideoPlayerViewController.swift in Sources */ = {isa = PBXBuildFile; fileRef = 9224299729CC058C0005B13E /* VideoPlayerViewController.swift */; };
		9224299A29CC05AB0005B13E /* NewConversationViewController.swift in Sources */ = {isa = PBXBuildFile; fileRef = 9224299929CC05AB0005B13E /* NewConversationViewController.swift */; };
		9224299C29CC05B50005B13E /* ProfileViewController.swift in Sources */ = {isa = PBXBuildFile; fileRef = 9224299B29CC05B50005B13E /* ProfileViewController.swift */; };
		922429A029CC20FD0005B13E /* Extensions.swift in Sources */ = {isa = PBXBuildFile; fileRef = 9224299F29CC20FD0005B13E /* Extensions.swift */; };
		922429AD29CE11290005B13E /* GoogleService-Info.plist in Resources */ = {isa = PBXBuildFile; fileRef = 922429AC29CE11290005B13E /* GoogleService-Info.plist */; };
		922429AF29CFE4470005B13E /* DatabaseManager.swift in Sources */ = {isa = PBXBuildFile; fileRef = 922429AE29CFE4470005B13E /* DatabaseManager.swift */; };
		92C36E0629D792B600893EEA /* credentials.plist in Resources */ = {isa = PBXBuildFile; fileRef = 92C36E0529D792B600893EEA /* credentials.plist */; };
		92DE108529DDE8850074F5DB /* ChatViewController.swift in Sources */ = {isa = PBXBuildFile; fileRef = 92DE108429DDE8850074F5DB /* ChatViewController.swift */; };
/* End PBXBuildFile section */

/* Begin PBXFileReference section */
		646163D195615E3CB9983D0D /* Pods-Messenger.release.xcconfig */ = {isa = PBXFileReference; includeInIndex = 1; lastKnownFileType = text.xcconfig; name = "Pods-Messenger.release.xcconfig"; path = "Target Support Files/Pods-Messenger/Pods-Messenger.release.xcconfig"; sourceTree = "<group>"; };
		9224297429CC00670005B13E /* Messenger.app */ = {isa = PBXFileReference; explicitFileType = wrapper.application; includeInIndex = 0; path = Messenger.app; sourceTree = BUILT_PRODUCTS_DIR; };
		9224297729CC00670005B13E /* AppDelegate.swift */ = {isa = PBXFileReference; lastKnownFileType = sourcecode.swift; path = AppDelegate.swift; sourceTree = "<group>"; };
		9224297929CC00670005B13E /* SceneDelegate.swift */ = {isa = PBXFileReference; lastKnownFileType = sourcecode.swift; path = SceneDelegate.swift; sourceTree = "<group>"; };
		9224297B29CC00670005B13E /* ConversationsViewController.swift */ = {isa = PBXFileReference; lastKnownFileType = sourcecode.swift; path = ConversationsViewController.swift; sourceTree = "<group>"; };
		9224297E29CC00670005B13E /* Base */ = {isa = PBXFileReference; lastKnownFileType = file.storyboard; name = Base; path = Base.lproj/Main.storyboard; sourceTree = "<group>"; };
		9224298029CC00690005B13E /* Assets.xcassets */ = {isa = PBXFileReference; lastKnownFileType = folder.assetcatalog; path = Assets.xcassets; sourceTree = "<group>"; };
		9224298329CC00690005B13E /* Base */ = {isa = PBXFileReference; lastKnownFileType = file.storyboard; name = Base; path = Base.lproj/LaunchScreen.storyboard; sourceTree = "<group>"; };
		9224298529CC00690005B13E /* Info.plist */ = {isa = PBXFileReference; lastKnownFileType = text.plist.xml; path = Info.plist; sourceTree = "<group>"; };
		9224299129CC05460005B13E /* LoginViewController.swift */ = {isa = PBXFileReference; lastKnownFileType = sourcecode.swift; path = LoginViewController.swift; sourceTree = "<group>"; };
		9224299329CC05650005B13E /* RegisterViewController.swift */ = {isa = PBXFileReference; lastKnownFileType = sourcecode.swift; path = RegisterViewController.swift; sourceTree = "<group>"; };
		9224299529CC05800005B13E /* PhotoViewerViewController.swift */ = {isa = PBXFileReference; lastKnownFileType = sourcecode.swift; path = PhotoViewerViewController.swift; sourceTree = "<group>"; };
		9224299729CC058C0005B13E /* VideoPlayerViewController.swift */ = {isa = PBXFileReference; lastKnownFileType = sourcecode.swift; path = VideoPlayerViewController.swift; sourceTree = "<group>"; };
		9224299929CC05AB0005B13E /* NewConversationViewController.swift */ = {isa = PBXFileReference; lastKnownFileType = sourcecode.swift; path = NewConversationViewController.swift; sourceTree = "<group>"; };
		9224299B29CC05B50005B13E /* ProfileViewController.swift */ = {isa = PBXFileReference; lastKnownFileType = sourcecode.swift; path = ProfileViewController.swift; sourceTree = "<group>"; };
		9224299F29CC20FD0005B13E /* Extensions.swift */ = {isa = PBXFileReference; lastKnownFileType = sourcecode.swift; path = Extensions.swift; sourceTree = "<group>"; };
		922429AC29CE11290005B13E /* GoogleService-Info.plist */ = {isa = PBXFileReference; fileEncoding = 4; lastKnownFileType = text.plist.xml; path = "GoogleService-Info.plist"; sourceTree = "<group>"; };
		922429AE29CFE4470005B13E /* DatabaseManager.swift */ = {isa = PBXFileReference; lastKnownFileType = sourcecode.swift; path = DatabaseManager.swift; sourceTree = "<group>"; };
		92C36E0529D792B600893EEA /* credentials.plist */ = {isa = PBXFileReference; fileEncoding = 4; lastKnownFileType = text.plist.xml; path = credentials.plist; sourceTree = "<group>"; };
		92DE108429DDE8850074F5DB /* ChatViewController.swift */ = {isa = PBXFileReference; lastKnownFileType = sourcecode.swift; path = ChatViewController.swift; sourceTree = "<group>"; };
		D5F1088207D588CEBB4DB6EB /* Pods_Messenger.framework */ = {isa = PBXFileReference; explicitFileType = wrapper.framework; includeInIndex = 0; path = Pods_Messenger.framework; sourceTree = BUILT_PRODUCTS_DIR; };
		D81F83928A9DCC98AF7DB978 /* Pods-Messenger.debug.xcconfig */ = {isa = PBXFileReference; includeInIndex = 1; lastKnownFileType = text.xcconfig; name = "Pods-Messenger.debug.xcconfig"; path = "Target Support Files/Pods-Messenger/Pods-Messenger.debug.xcconfig"; sourceTree = "<group>"; };
/* End PBXFileReference section */

/* Begin PBXFrameworksBuildPhase section */
		9224297129CC00670005B13E /* Frameworks */ = {
			isa = PBXFrameworksBuildPhase;
			buildActionMask = 2147483647;
			files = (
				76A170A88D28E41F93B32556 /* Pods_Messenger.framework in Frameworks */,
			);
			runOnlyForDeploymentPostprocessing = 0;
		};
/* End PBXFrameworksBuildPhase section */

/* Begin PBXGroup section */
		23E621D871EF9DBB514A23A2 /* Frameworks */ = {
			isa = PBXGroup;
			children = (
				D5F1088207D588CEBB4DB6EB /* Pods_Messenger.framework */,
			);
			name = Frameworks;
			sourceTree = "<group>";
		};
		28E591D1A68B2A2F4333A5C5 /* Pods */ = {
			isa = PBXGroup;
			children = (
				D81F83928A9DCC98AF7DB978 /* Pods-Messenger.debug.xcconfig */,
				646163D195615E3CB9983D0D /* Pods-Messenger.release.xcconfig */,
			);
			path = Pods;
			sourceTree = "<group>";
		};
		9224296B29CC00670005B13E = {
			isa = PBXGroup;
			children = (
				9224297629CC00670005B13E /* Messenger */,
				9224297529CC00670005B13E /* Products */,
				28E591D1A68B2A2F4333A5C5 /* Pods */,
				23E621D871EF9DBB514A23A2 /* Frameworks */,
			);
			sourceTree = "<group>";
		};
		9224297529CC00670005B13E /* Products */ = {
			isa = PBXGroup;
			children = (
				9224297429CC00670005B13E /* Messenger.app */,
			);
			name = Products;
			sourceTree = "<group>";
		};
		9224297629CC00670005B13E /* Messenger */ = {
			isa = PBXGroup;
			children = (
				92C36E0529D792B600893EEA /* credentials.plist */,
				922429AC29CE11290005B13E /* GoogleService-Info.plist */,
				9224298F29CC02EE0005B13E /* Resources */,
				9224298E29CC02E70005B13E /* ViewModels */,
				9224298D29CC02CF0005B13E /* Views */,
				9224298C29CC02CA0005B13E /* Models */,
				9224298B29CC02C30005B13E /* Controllers */,
				9224298529CC00690005B13E /* Info.plist */,
			);
			path = Messenger;
			sourceTree = "<group>";
		};
		9224298B29CC02C30005B13E /* Controllers */ = {
			isa = PBXGroup;
			children = (
				9224297B29CC00670005B13E /* ConversationsViewController.swift */,
				9224299E29CC06A50005B13E /* Login&Register */,
				9224299529CC05800005B13E /* PhotoViewerViewController.swift */,
				9224299729CC058C0005B13E /* VideoPlayerViewController.swift */,
				9224299929CC05AB0005B13E /* NewConversationViewController.swift */,
				9224299B29CC05B50005B13E /* ProfileViewController.swift */,
				92DE108429DDE8850074F5DB /* ChatViewController.swift */,
			);
			path = Controllers;
			sourceTree = "<group>";
		};
		9224298C29CC02CA0005B13E /* Models */ = {
			isa = PBXGroup;
			children = (
			);
			path = Models;
			sourceTree = "<group>";
		};
		9224298D29CC02CF0005B13E /* Views */ = {
			isa = PBXGroup;
			children = (
				9224299029CC03280005B13E /* Storyboards */,
				9224298029CC00690005B13E /* Assets.xcassets */,
			);
			path = Views;
			sourceTree = "<group>";
		};
		9224298E29CC02E70005B13E /* ViewModels */ = {
			isa = PBXGroup;
			children = (
			);
			path = ViewModels;
			sourceTree = "<group>";
		};
		9224298F29CC02EE0005B13E /* Resources */ = {
			isa = PBXGroup;
			children = (
				9224297729CC00670005B13E /* AppDelegate.swift */,
				9224297929CC00670005B13E /* SceneDelegate.swift */,
				9224299F29CC20FD0005B13E /* Extensions.swift */,
				922429AE29CFE4470005B13E /* DatabaseManager.swift */,
			);
			path = Resources;
			sourceTree = "<group>";
		};
		9224299029CC03280005B13E /* Storyboards */ = {
			isa = PBXGroup;
			children = (
				9224298229CC00690005B13E /* LaunchScreen.storyboard */,
				9224297D29CC00670005B13E /* Main.storyboard */,
			);
			path = Storyboards;
			sourceTree = "<group>";
		};
		9224299E29CC06A50005B13E /* Login&Register */ = {
			isa = PBXGroup;
			children = (
				9224299129CC05460005B13E /* LoginViewController.swift */,
				9224299329CC05650005B13E /* RegisterViewController.swift */,
			);
			path = "Login&Register";
			sourceTree = "<group>";
		};
/* End PBXGroup section */

/* Begin PBXNativeTarget section */
		9224297329CC00670005B13E /* Messenger */ = {
			isa = PBXNativeTarget;
			buildConfigurationList = 9224298829CC00690005B13E /* Build configuration list for PBXNativeTarget "Messenger" */;
			buildPhases = (
				83512666831A65451DF4FDAB /* [CP] Check Pods Manifest.lock */,
				9224297029CC00670005B13E /* Sources */,
				9224297129CC00670005B13E /* Frameworks */,
				9224297229CC00670005B13E /* Resources */,
				3C0EF6437A321586FBC015BF /* [CP] Embed Pods Frameworks */,
			);
			buildRules = (
			);
			dependencies = (
			);
			name = Messenger;
			productName = Messenger;
			productReference = 9224297429CC00670005B13E /* Messenger.app */;
			productType = "com.apple.product-type.application";
		};
/* End PBXNativeTarget section */

/* Begin PBXProject section */
		9224296C29CC00670005B13E /* Project object */ = {
			isa = PBXProject;
			attributes = {
				BuildIndependentTargetsInParallel = 1;
				LastSwiftUpdateCheck = 1410;
				LastUpgradeCheck = 1410;
				TargetAttributes = {
					9224297329CC00670005B13E = {
						CreatedOnToolsVersion = 14.1;
					};
				};
			};
			buildConfigurationList = 9224296F29CC00670005B13E /* Build configuration list for PBXProject "Messenger" */;
			compatibilityVersion = "Xcode 14.0";
			developmentRegion = en;
			hasScannedForEncodings = 0;
			knownRegions = (
				en,
				Base,
			);
			mainGroup = 9224296B29CC00670005B13E;
			productRefGroup = 9224297529CC00670005B13E /* Products */;
			projectDirPath = "";
			projectRoot = "";
			targets = (
				9224297329CC00670005B13E /* Messenger */,
			);
		};
/* End PBXProject section */

/* Begin PBXResourcesBuildPhase section */
		9224297229CC00670005B13E /* Resources */ = {
			isa = PBXResourcesBuildPhase;
			buildActionMask = 2147483647;
			files = (
				9224298429CC00690005B13E /* LaunchScreen.storyboard in Resources */,
				922429AD29CE11290005B13E /* GoogleService-Info.plist in Resources */,
				92C36E0629D792B600893EEA /* credentials.plist in Resources */,
				9224298129CC00690005B13E /* Assets.xcassets in Resources */,
				9224297F29CC00670005B13E /* Main.storyboard in Resources */,
			);
			runOnlyForDeploymentPostprocessing = 0;
		};
/* End PBXResourcesBuildPhase section */

/* Begin PBXShellScriptBuildPhase section */
		3C0EF6437A321586FBC015BF /* [CP] Embed Pods Frameworks */ = {
			isa = PBXShellScriptBuildPhase;
			buildActionMask = 2147483647;
			files = (
			);
			inputFileListPaths = (
				"${PODS_ROOT}/Target Support Files/Pods-Messenger/Pods-Messenger-frameworks-${CONFIGURATION}-input-files.xcfilelist",
			);
			name = "[CP] Embed Pods Frameworks";
			outputFileListPaths = (
				"${PODS_ROOT}/Target Support Files/Pods-Messenger/Pods-Messenger-frameworks-${CONFIGURATION}-output-files.xcfilelist",
			);
			runOnlyForDeploymentPostprocessing = 0;
			shellPath = /bin/sh;
			shellScript = "\"${PODS_ROOT}/Target Support Files/Pods-Messenger/Pods-Messenger-frameworks.sh\"\n";
			showEnvVarsInLog = 0;
		};
		83512666831A65451DF4FDAB /* [CP] Check Pods Manifest.lock */ = {
			isa = PBXShellScriptBuildPhase;
			buildActionMask = 2147483647;
			files = (
			);
			inputFileListPaths = (
			);
			inputPaths = (
				"${PODS_PODFILE_DIR_PATH}/Podfile.lock",
				"${PODS_ROOT}/Manifest.lock",
			);
			name = "[CP] Check Pods Manifest.lock";
			outputFileListPaths = (
			);
			outputPaths = (
				"$(DERIVED_FILE_DIR)/Pods-Messenger-checkManifestLockResult.txt",
			);
			runOnlyForDeploymentPostprocessing = 0;
			shellPath = /bin/sh;
			shellScript = "diff \"${PODS_PODFILE_DIR_PATH}/Podfile.lock\" \"${PODS_ROOT}/Manifest.lock\" > /dev/null\nif [ $? != 0 ] ; then\n    # print error to STDERR\n    echo \"error: The sandbox is not in sync with the Podfile.lock. Run 'pod install' or update your CocoaPods installation.\" >&2\n    exit 1\nfi\n# This output is used by Xcode 'outputs' to avoid re-running this script phase.\necho \"SUCCESS\" > \"${SCRIPT_OUTPUT_FILE_0}\"\n";
			showEnvVarsInLog = 0;
		};
/* End PBXShellScriptBuildPhase section */

/* Begin PBXSourcesBuildPhase section */
		9224297029CC00670005B13E /* Sources */ = {
			isa = PBXSourcesBuildPhase;
			buildActionMask = 2147483647;
			files = (
				9224299229CC05460005B13E /* LoginViewController.swift in Sources */,
				922429AF29CFE4470005B13E /* DatabaseManager.swift in Sources */,
				9224299429CC05650005B13E /* RegisterViewController.swift in Sources */,
				9224299A29CC05AB0005B13E /* NewConversationViewController.swift in Sources */,
				9224297C29CC00670005B13E /* ConversationsViewController.swift in Sources */,
				9224299829CC058C0005B13E /* VideoPlayerViewController.swift in Sources */,
				922429A029CC20FD0005B13E /* Extensions.swift in Sources */,
				9224297829CC00670005B13E /* AppDelegate.swift in Sources */,
				9224299C29CC05B50005B13E /* ProfileViewController.swift in Sources */,
				9224297A29CC00670005B13E /* SceneDelegate.swift in Sources */,
				92DE108529DDE8850074F5DB /* ChatViewController.swift in Sources */,
				9224299629CC05800005B13E /* PhotoViewerViewController.swift in Sources */,
			);
			runOnlyForDeploymentPostprocessing = 0;
		};
/* End PBXSourcesBuildPhase section */

/* Begin PBXVariantGroup section */
		9224297D29CC00670005B13E /* Main.storyboard */ = {
			isa = PBXVariantGroup;
			children = (
				9224297E29CC00670005B13E /* Base */,
			);
			name = Main.storyboard;
			sourceTree = "<group>";
		};
		9224298229CC00690005B13E /* LaunchScreen.storyboard */ = {
			isa = PBXVariantGroup;
			children = (
				9224298329CC00690005B13E /* Base */,
			);
			name = LaunchScreen.storyboard;
			sourceTree = "<group>";
		};
/* End PBXVariantGroup section */

/* Begin XCBuildConfiguration section */
		9224298629CC00690005B13E /* Debug */ = {
			isa = XCBuildConfiguration;
			buildSettings = {
				ALWAYS_SEARCH_USER_PATHS = NO;
				CLANG_ANALYZER_NONNULL = YES;
				CLANG_ANALYZER_NUMBER_OBJECT_CONVERSION = YES_AGGRESSIVE;
				CLANG_CXX_LANGUAGE_STANDARD = "gnu++20";
				CLANG_ENABLE_MODULES = YES;
				CLANG_ENABLE_OBJC_ARC = YES;
				CLANG_ENABLE_OBJC_WEAK = YES;
				CLANG_WARN_BLOCK_CAPTURE_AUTORELEASING = YES;
				CLANG_WARN_BOOL_CONVERSION = YES;
				CLANG_WARN_COMMA = YES;
				CLANG_WARN_CONSTANT_CONVERSION = YES;
				CLANG_WARN_DEPRECATED_OBJC_IMPLEMENTATIONS = YES;
				CLANG_WARN_DIRECT_OBJC_ISA_USAGE = YES_ERROR;
				CLANG_WARN_DOCUMENTATION_COMMENTS = YES;
				CLANG_WARN_EMPTY_BODY = YES;
				CLANG_WARN_ENUM_CONVERSION = YES;
				CLANG_WARN_INFINITE_RECURSION = YES;
				CLANG_WARN_INT_CONVERSION = YES;
				CLANG_WARN_NON_LITERAL_NULL_CONVERSION = YES;
				CLANG_WARN_OBJC_IMPLICIT_RETAIN_SELF = YES;
				CLANG_WARN_OBJC_LITERAL_CONVERSION = YES;
				CLANG_WARN_OBJC_ROOT_CLASS = YES_ERROR;
				CLANG_WARN_QUOTED_INCLUDE_IN_FRAMEWORK_HEADER = YES;
				CLANG_WARN_RANGE_LOOP_ANALYSIS = YES;
				CLANG_WARN_STRICT_PROTOTYPES = YES;
				CLANG_WARN_SUSPICIOUS_MOVE = YES;
				CLANG_WARN_UNGUARDED_AVAILABILITY = YES_AGGRESSIVE;
				CLANG_WARN_UNREACHABLE_CODE = YES;
				CLANG_WARN__DUPLICATE_METHOD_MATCH = YES;
				COPY_PHASE_STRIP = NO;
				DEBUG_INFORMATION_FORMAT = dwarf;
				ENABLE_STRICT_OBJC_MSGSEND = YES;
				ENABLE_TESTABILITY = YES;
				GCC_C_LANGUAGE_STANDARD = gnu11;
				GCC_DYNAMIC_NO_PIC = NO;
				GCC_NO_COMMON_BLOCKS = YES;
				GCC_OPTIMIZATION_LEVEL = 0;
				GCC_PREPROCESSOR_DEFINITIONS = (
					"DEBUG=1",
					"$(inherited)",
				);
				GCC_WARN_64_TO_32_BIT_CONVERSION = YES;
				GCC_WARN_ABOUT_RETURN_TYPE = YES_ERROR;
				GCC_WARN_UNDECLARED_SELECTOR = YES;
				GCC_WARN_UNINITIALIZED_AUTOS = YES_AGGRESSIVE;
				GCC_WARN_UNUSED_FUNCTION = YES;
				GCC_WARN_UNUSED_VARIABLE = YES;
				IPHONEOS_DEPLOYMENT_TARGET = 16.1;
				MTL_ENABLE_DEBUG_INFO = INCLUDE_SOURCE;
				MTL_FAST_MATH = YES;
				ONLY_ACTIVE_ARCH = YES;
				SDKROOT = iphoneos;
				SWIFT_ACTIVE_COMPILATION_CONDITIONS = DEBUG;
				SWIFT_OPTIMIZATION_LEVEL = "-Onone";
			};
			name = Debug;
		};
		9224298729CC00690005B13E /* Release */ = {
			isa = XCBuildConfiguration;
			buildSettings = {
				ALWAYS_SEARCH_USER_PATHS = NO;
				CLANG_ANALYZER_NONNULL = YES;
				CLANG_ANALYZER_NUMBER_OBJECT_CONVERSION = YES_AGGRESSIVE;
				CLANG_CXX_LANGUAGE_STANDARD = "gnu++20";
				CLANG_ENABLE_MODULES = YES;
				CLANG_ENABLE_OBJC_ARC = YES;
				CLANG_ENABLE_OBJC_WEAK = YES;
				CLANG_WARN_BLOCK_CAPTURE_AUTORELEASING = YES;
				CLANG_WARN_BOOL_CONVERSION = YES;
				CLANG_WARN_COMMA = YES;
				CLANG_WARN_CONSTANT_CONVERSION = YES;
				CLANG_WARN_DEPRECATED_OBJC_IMPLEMENTATIONS = YES;
				CLANG_WARN_DIRECT_OBJC_ISA_USAGE = YES_ERROR;
				CLANG_WARN_DOCUMENTATION_COMMENTS = YES;
				CLANG_WARN_EMPTY_BODY = YES;
				CLANG_WARN_ENUM_CONVERSION = YES;
				CLANG_WARN_INFINITE_RECURSION = YES;
				CLANG_WARN_INT_CONVERSION = YES;
				CLANG_WARN_NON_LITERAL_NULL_CONVERSION = YES;
				CLANG_WARN_OBJC_IMPLICIT_RETAIN_SELF = YES;
				CLANG_WARN_OBJC_LITERAL_CONVERSION = YES;
				CLANG_WARN_OBJC_ROOT_CLASS = YES_ERROR;
				CLANG_WARN_QUOTED_INCLUDE_IN_FRAMEWORK_HEADER = YES;
				CLANG_WARN_RANGE_LOOP_ANALYSIS = YES;
				CLANG_WARN_STRICT_PROTOTYPES = YES;
				CLANG_WARN_SUSPICIOUS_MOVE = YES;
				CLANG_WARN_UNGUARDED_AVAILABILITY = YES_AGGRESSIVE;
				CLANG_WARN_UNREACHABLE_CODE = YES;
				CLANG_WARN__DUPLICATE_METHOD_MATCH = YES;
				COPY_PHASE_STRIP = NO;
				DEBUG_INFORMATION_FORMAT = "dwarf-with-dsym";
				ENABLE_NS_ASSERTIONS = NO;
				ENABLE_STRICT_OBJC_MSGSEND = YES;
				GCC_C_LANGUAGE_STANDARD = gnu11;
				GCC_NO_COMMON_BLOCKS = YES;
				GCC_WARN_64_TO_32_BIT_CONVERSION = YES;
				GCC_WARN_ABOUT_RETURN_TYPE = YES_ERROR;
				GCC_WARN_UNDECLARED_SELECTOR = YES;
				GCC_WARN_UNINITIALIZED_AUTOS = YES_AGGRESSIVE;
				GCC_WARN_UNUSED_FUNCTION = YES;
				GCC_WARN_UNUSED_VARIABLE = YES;
				IPHONEOS_DEPLOYMENT_TARGET = 16.1;
				MTL_ENABLE_DEBUG_INFO = NO;
				MTL_FAST_MATH = YES;
				SDKROOT = iphoneos;
				SWIFT_COMPILATION_MODE = wholemodule;
				SWIFT_OPTIMIZATION_LEVEL = "-O";
				VALIDATE_PRODUCT = YES;
			};
			name = Release;
		};
		9224298929CC00690005B13E /* Debug */ = {
			isa = XCBuildConfiguration;
			baseConfigurationReference = D81F83928A9DCC98AF7DB978 /* Pods-Messenger.debug.xcconfig */;
			buildSettings = {
				ASSETCATALOG_COMPILER_APPICON_NAME = AppIcon;
				ASSETCATALOG_COMPILER_GLOBAL_ACCENT_COLOR_NAME = AccentColor;
				CODE_SIGN_STYLE = Automatic;
				CURRENT_PROJECT_VERSION = 1;
				DEVELOPMENT_TEAM = D33FK94HU2;
				GENERATE_INFOPLIST_FILE = YES;
				INFOPLIST_FILE = Messenger/Info.plist;
				INFOPLIST_KEY_NSCameraUsageDescription = "Please allow access to take a profile picture";
				INFOPLIST_KEY_NSPhotoLibraryAddUsageDescription = "Please allow access to select a profile picture from your album";
				INFOPLIST_KEY_UIApplicationSupportsIndirectInputEvents = YES;
				INFOPLIST_KEY_UILaunchStoryboardName = LaunchScreen;
				INFOPLIST_KEY_UIMainStoryboardFile = Main;
				INFOPLIST_KEY_UISupportedInterfaceOrientations = UIInterfaceOrientationPortrait;
				IPHONEOS_DEPLOYMENT_TARGET = 13.5;
				LD_RUNPATH_SEARCH_PATHS = (
					"$(inherited)",
					"@executable_path/Frameworks",
				);
				MARKETING_VERSION = 1.0;
				PRODUCT_BUNDLE_IDENTIFIER = com.chengxue.Messenger;
				PRODUCT_NAME = "$(TARGET_NAME)";
				SUPPORTED_PLATFORMS = "iphoneos iphonesimulator";
				SUPPORTS_MACCATALYST = NO;
				SUPPORTS_MAC_DESIGNED_FOR_IPHONE_IPAD = NO;
				SWIFT_EMIT_LOC_STRINGS = YES;
				SWIFT_VERSION = 5.0;
				TARGETED_DEVICE_FAMILY = "1,2";
			};
			name = Debug;
		};
		9224298A29CC00690005B13E /* Release */ = {
			isa = XCBuildConfiguration;
			baseConfigurationReference = 646163D195615E3CB9983D0D /* Pods-Messenger.release.xcconfig */;
			buildSettings = {
				ASSETCATALOG_COMPILER_APPICON_NAME = AppIcon;
				ASSETCATALOG_COMPILER_GLOBAL_ACCENT_COLOR_NAME = AccentColor;
				CODE_SIGN_STYLE = Automatic;
				CURRENT_PROJECT_VERSION = 1;
				DEVELOPMENT_TEAM = D33FK94HU2;
				GENERATE_INFOPLIST_FILE = YES;
				INFOPLIST_FILE = Messenger/Info.plist;
				INFOPLIST_KEY_NSCameraUsageDescription = "Please allow access to take a profile picture";
				INFOPLIST_KEY_NSPhotoLibraryAddUsageDescription = "Please allow access to select a profile picture from your album";
				INFOPLIST_KEY_UIApplicationSupportsIndirectInputEvents = YES;
				INFOPLIST_KEY_UILaunchStoryboardName = LaunchScreen;
				INFOPLIST_KEY_UIMainStoryboardFile = Main;
				INFOPLIST_KEY_UISupportedInterfaceOrientations = UIInterfaceOrientationPortrait;
				IPHONEOS_DEPLOYMENT_TARGET = 13.5;
				LD_RUNPATH_SEARCH_PATHS = (
					"$(inherited)",
					"@executable_path/Frameworks",
				);
				MARKETING_VERSION = 1.0;
				PRODUCT_BUNDLE_IDENTIFIER = com.chengxue.Messenger;
				PRODUCT_NAME = "$(TARGET_NAME)";
				SUPPORTED_PLATFORMS = "iphoneos iphonesimulator";
				SUPPORTS_MACCATALYST = NO;
				SUPPORTS_MAC_DESIGNED_FOR_IPHONE_IPAD = NO;
				SWIFT_EMIT_LOC_STRINGS = YES;
				SWIFT_VERSION = 5.0;
				TARGETED_DEVICE_FAMILY = "1,2";
			};
			name = Release;
		};
/* End XCBuildConfiguration section */

/* Begin XCConfigurationList section */
		9224296F29CC00670005B13E /* Build configuration list for PBXProject "Messenger" */ = {
			isa = XCConfigurationList;
			buildConfigurations = (
				9224298629CC00690005B13E /* Debug */,
				9224298729CC00690005B13E /* Release */,
			);
			defaultConfigurationIsVisible = 0;
			defaultConfigurationName = Release;
		};
		9224298829CC00690005B13E /* Build configuration list for PBXNativeTarget "Messenger" */ = {
			isa = XCConfigurationList;
			buildConfigurations = (
				9224298929CC00690005B13E /* Debug */,
				9224298A29CC00690005B13E /* Release */,
			);
			defaultConfigurationIsVisible = 0;
			defaultConfigurationName = Release;
		};
/* End XCConfigurationList section */
	};
	rootObject = 9224296C29CC00670005B13E /* Project object */;
}
